
Microsoft Visual Studio Solution File, Format Version 12.00
# Visual Studio Version 16
VisualStudioVersion = 16.0.31105.61
MinimumVisualStudioVersion = 10.0.40219.1
Project("{FAE04EC0-301F-11D3-BF4B-00C04F79EFBC}") = "GAS station", "GAS station\GAS station.csproj", "{F097E270-9F75-46E7-916C-97ACCCDF01E2}"
EndProject
Global
	GlobalSection(SolutionConfigurationPlatforms) = preSolution
		Debug|Any CPU = Debug|Any CPU
		Release|Any CPU = Release|Any CPU
	EndGlobalSection
	GlobalSection(ProjectConfigurationPlatforms) = postSolution
		{F097E270-9F75-46E7-916C-97ACCCDF01E2}.Debug|Any CPU.ActiveCfg = Debug|Any CPU
		{F097E270-9F75-46E7-916C-97ACCCDF01E2}.Debug|Any CPU.Build.0 = Debug|Any CPU
		{F097E270-9F75-46E7-916C-97ACCCDF01E2}.Release|Any CPU.ActiveCfg = Release|Any CPU
		{F097E270-9F75-46E7-916C-97ACCCDF01E2}.Release|Any CPU.Build.0 = Release|Any CPU
	EndGlobalSection
	GlobalSection(SolutionProperties) = preSolution
		HideSolutionNode = FALSE
	EndGlobalSection
	GlobalSection(ExtensibilityGlobals) = postSolution
		SolutionGuid = {55C7DFAC-A8FF-433C-ABD0-29BE8D04FFC6}
	EndGlobalSection
EndGlobal
